
Microsoft Visual Studio Solution File, Format Version 12.00
# Visual Studio Version 17
VisualStudioVersion = 17.1.32228.430
MinimumVisualStudioVersion = 10.0.40219.1
Project("{9A19103F-16F7-4668-BE54-9A1E7A4F7556}") = "Ispit.API", "Ispit.API\Ispit.API.csproj", "{E3E37BA5-5AF6-4CB0-82AA-6BB075C3A174}"
EndProject
Global
	GlobalSection(SolutionConfigurationPlatforms) = preSolution
		Debug|Any CPU = Debug|Any CPU
		Release|Any CPU = Release|Any CPU
	EndGlobalSection
	GlobalSection(ProjectConfigurationPlatforms) = postSolution
		{E3E37BA5-5AF6-4CB0-82AA-6BB075C3A174}.Debug|Any CPU.ActiveCfg = Debug|Any CPU
		{E3E37BA5-5AF6-4CB0-82AA-6BB075C3A174}.Debug|Any CPU.Build.0 = Debug|Any CPU
		{E3E37BA5-5AF6-4CB0-82AA-6BB075C3A174}.Release|Any CPU.ActiveCfg = Release|Any CPU
		{E3E37BA5-5AF6-4CB0-82AA-6BB075C3A174}.Release|Any CPU.Build.0 = Release|Any CPU
	EndGlobalSection
	GlobalSection(SolutionProperties) = preSolution
		HideSolutionNode = FALSE
	EndGlobalSection
	GlobalSection(ExtensibilityGlobals) = postSolution
		SolutionGuid = {DB9D0800-3765-43A5-BBEC-805FD3923F34}
	EndGlobalSection
EndGlobal
